// !$*UTF8*$!
{
	archiveVersion = 1;
	classes = {
	};
	objectVersion = 50;
	objects = {

/* Begin PBXBuildFile section */
		1BAF1D2E7D0AB6D1FA04E0CB /* ColorConstants.swift in Sources */ = {isa = PBXBuildFile; fileRef = 17946512B63B3194FE864EB4 /* ColorConstants.swift */; };
		26160482D0C13F310700B5DF /* ExamSixteenViewModel.swift in Sources */ = {isa = PBXBuildFile; fileRef = 806AD09788A714EBA4291D1C /* ExamSixteenViewModel.swift */; };
		2B6D4E1ACDE4DE322A40C90E /* LatoBold.ttf in Resources */ = {isa = PBXBuildFile; fileRef = A50E2220264642B38FD28842 /* LatoBold.ttf */; };
		42FEF64ADD033E9363B802AE /* CircularProgress.swift in Sources */ = {isa = PBXBuildFile; fileRef = 37F769BDE82BCF93E860F07A /* CircularProgress.swift */; };
		43824AB387E5433AF5685D51 /* PoppinsSemiBold.ttf in Resources */ = {isa = PBXBuildFile; fileRef = D7EDAC7F3C7D1E2847060D02 /* PoppinsSemiBold.ttf */; };
		5298EF3CA475689D562D879C /* LatoBoldItalic.ttf in Resources */ = {isa = PBXBuildFile; fileRef = E06EBF81BDFD424834113582 /* LatoBoldItalic.ttf */; };
		6AC0A87D1A6C9154D16B239D /* PhysicsSubjectEightView.swift in Sources */ = {isa = PBXBuildFile; fileRef = DEBDBAF1C5ABA62272CFA39B /* PhysicsSubjectEightView.swift */; };
		72A1174123BED714ECACE27F /* LinearProgress.swift in Sources */ = {isa = PBXBuildFile; fileRef = 46BF02E09FF62787E2320896 /* LinearProgress.swift */; };
		7F44DBA127422A5D00171570 /* ActivityLoader.swift in Sources */ = {isa = PBXBuildFile; fileRef = 7F44DBA027422A5D00171570 /* ActivityLoader.swift */; };
		884F3E5127B0E65A00963FC4 /* RoundedCornersView.swift in Sources */ = {isa = PBXBuildFile; fileRef = 884F3E5027B0E65A00963FC4 /* RoundedCornersView.swift */; };
		8853052627718DC500B04E6F /* ViewExtension.swift in Sources */ = {isa = PBXBuildFile; fileRef = 8853052527718DC500B04E6F /* ViewExtension.swift */; };
		8853052A27718E2D00B04E6F /* EncodableExtension.swift in Sources */ = {isa = PBXBuildFile; fileRef = 8853052927718E2D00B04E6F /* EncodableExtension.swift */; };
		8853052C2771949600B04E6F /* UINavigationController.swift in Sources */ = {isa = PBXBuildFile; fileRef = 8853052B2771949600B04E6F /* UINavigationController.swift */; };
		88680D1C2775C601002E964F /* ViewportHelper.swift in Sources */ = {isa = PBXBuildFile; fileRef = 88680D1B2775C601002E964F /* ViewportHelper.swift */; };
		888CB47527686A000041116C /* APIExtensions.swift in Sources */ = {isa = PBXBuildFile; fileRef = 888CB47427686A000041116C /* APIExtensions.swift */; };
		88ED74EC272FFE6F0088E3EF /* Assets.xcassets in Resources */ = {isa = PBXBuildFile; fileRef = 88ED74EB272FFE6F0088E3EF /* Assets.xcassets */; };
		88ED74EF272FFE6F0088E3EF /* Preview Assets.xcassets in Resources */ = {isa = PBXBuildFile; fileRef = 88ED74EE272FFE6F0088E3EF /* Preview Assets.xcassets */; };
		88ED7500272FFECA0088E3EF /* Utilities.swift in Sources */ = {isa = PBXBuildFile; fileRef = 88ED74F7272FFECA0088E3EF /* Utilities.swift */; };
		88ED7501272FFECA0088E3EF /* AppConstants.swift in Sources */ = {isa = PBXBuildFile; fileRef = 88ED74F9272FFECA0088E3EF /* AppConstants.swift */; };
		88ED7503272FFECA0088E3EF /* APIManager.swift in Sources */ = {isa = PBXBuildFile; fileRef = 88ED74FD272FFECA0088E3EF /* APIManager.swift */; };
		88ED7504272FFECA0088E3EF /* GraduationprojectApp.swift in Sources */ = {isa = PBXBuildFile; fileRef = 88ED74FF272FFECA0088E3EF /* GraduationprojectApp.swift */; };
		98308F69930185095195B862 /* ExamSeventeenView.swift in Sources */ = {isa = PBXBuildFile; fileRef = 2F19508D5B411172B80BE66C /* ExamSeventeenView.swift */; };
		B05BF85D97D353EF76567C16 /* PoppinsRegular.ttf in Resources */ = {isa = PBXBuildFile; fileRef = 71961D9AFF28F45C670F4663 /* PoppinsRegular.ttf */; };
		B0B7D9262BE405BD0A15EC5E /* StringScheme.swift in Sources */ = {isa = PBXBuildFile; fileRef = AB6C358B17D0852FD9257FD0 /* StringScheme.swift */; };
		B7A7800F983258DF17780DFC /* PhysicsSubjectEightViewModel.swift in Sources */ = {isa = PBXBuildFile; fileRef = DB90EF29BD9BD1CEDBBF01A4 /* PhysicsSubjectEightViewModel.swift */; };
		BA9F99D8B6F373F30606E436 /* FontScheme.swift in Sources */ = {isa = PBXBuildFile; fileRef = 15B71A57A17005770E915881 /* FontScheme.swift */; };
		C40AB9F82754D79E006BC5D7 /* AppDelegate.swift in Sources */ = {isa = PBXBuildFile; fileRef = C40AB9F72754D79E006BC5D7 /* AppDelegate.swift */; };
		D3EAFFFCF0D682BAB4A46CA8 /* RadioGroupButton.swift in Sources */ = {isa = PBXBuildFile; fileRef = AB08E9D30D067EBE4E6BBCC8 /* RadioGroupButton.swift */; };
		DF217EF4E481C2BF9AEA08DE /* LatoBlackItalic.ttf in Resources */ = {isa = PBXBuildFile; fileRef = 4E53A3D0C6A054E4DB888474 /* LatoBlackItalic.ttf */; };
		E1CEC322AC94CE8B7FD3B0AC /* ExamSixteenView.swift in Sources */ = {isa = PBXBuildFile; fileRef = A919A8AE84F80F3A1DBC0B86 /* ExamSixteenView.swift */; };
		EF44FE74EAC494E316165B9E /* PoppinsMedium.ttf in Resources */ = {isa = PBXBuildFile; fileRef = 43E0D766E4983C45311D2DA9 /* PoppinsMedium.ttf */; };
		F7786757BACF2AC5153A766D /* ExamSeventeenViewModel.swift in Sources */ = {isa = PBXBuildFile; fileRef = DB03E98F91D45B7E959952C5 /* ExamSeventeenViewModel.swift */; };
/* End PBXBuildFile section */

/* Begin PBXFileReference section */
		15B71A57A17005770E915881 /* FontScheme.swift */ = {isa = PBXFileReference; includeInIndex = 1; lastKnownFileType = sourcecode.swift; path = FontScheme.swift; sourceTree = "<group>"; };
		17946512B63B3194FE864EB4 /* ColorConstants.swift */ = {isa = PBXFileReference; includeInIndex = 1; lastKnownFileType = sourcecode.swift; path = ColorConstants.swift; sourceTree = "<group>"; };
		2F19508D5B411172B80BE66C /* ExamSeventeenView.swift */ = {isa = PBXFileReference; includeInIndex = 1; lastKnownFileType = sourcecode.swift; path = ExamSeventeenView.swift; sourceTree = "<group>"; };
		37F769BDE82BCF93E860F07A /* CircularProgress.swift */ = {isa = PBXFileReference; includeInIndex = 1; lastKnownFileType = sourcecode.swift; path = CircularProgress.swift; sourceTree = "<group>"; };
		43E0D766E4983C45311D2DA9 /* PoppinsMedium.ttf */ = {isa = PBXFileReference; includeInIndex = 1; path = PoppinsMedium.ttf; sourceTree = "<group>"; };
		46BF02E09FF62787E2320896 /* LinearProgress.swift */ = {isa = PBXFileReference; includeInIndex = 1; lastKnownFileType = sourcecode.swift; path = LinearProgress.swift; sourceTree = "<group>"; };
		4E53A3D0C6A054E4DB888474 /* LatoBlackItalic.ttf */ = {isa = PBXFileReference; includeInIndex = 1; path = LatoBlackItalic.ttf; sourceTree = "<group>"; };
		71961D9AFF28F45C670F4663 /* PoppinsRegular.ttf */ = {isa = PBXFileReference; includeInIndex = 1; path = PoppinsRegular.ttf; sourceTree = "<group>"; };
		7F44DBA027422A5D00171570 /* ActivityLoader.swift */ = {isa = PBXFileReference; lastKnownFileType = sourcecode.swift; path = ActivityLoader.swift; sourceTree = "<group>"; };
		806AD09788A714EBA4291D1C /* ExamSixteenViewModel.swift */ = {isa = PBXFileReference; includeInIndex = 1; lastKnownFileType = sourcecode.swift; path = ExamSixteenViewModel.swift; sourceTree = "<group>"; };
		884F3E5027B0E65A00963FC4 /* RoundedCornersView.swift */ = {isa = PBXFileReference; lastKnownFileType = sourcecode.swift; path = RoundedCornersView.swift; sourceTree = "<group>"; };
		8853052527718DC500B04E6F /* ViewExtension.swift */ = {isa = PBXFileReference; lastKnownFileType = sourcecode.swift; path = ViewExtension.swift; sourceTree = "<group>"; };
		8853052927718E2D00B04E6F /* EncodableExtension.swift */ = {isa = PBXFileReference; lastKnownFileType = sourcecode.swift; path = EncodableExtension.swift; sourceTree = "<group>"; };
		8853052B2771949600B04E6F /* UINavigationController.swift */ = {isa = PBXFileReference; fileEncoding = 4; lastKnownFileType = sourcecode.swift; path = UINavigationController.swift; sourceTree = "<group>"; };
		88680D1B2775C601002E964F /* ViewportHelper.swift */ = {isa = PBXFileReference; lastKnownFileType = sourcecode.swift; path = ViewportHelper.swift; sourceTree = "<group>"; };
		888CB47427686A000041116C /* APIExtensions.swift */ = {isa = PBXFileReference; lastKnownFileType = sourcecode.swift; path = APIExtensions.swift; sourceTree = "<group>"; };
		88ED74E4272FFE6E0088E3EF /* Graduationproject.app */ = {isa = PBXFileReference; explicitFileType = wrapper.application; includeInIndex = 0; path = Graduationproject.app; sourceTree = BUILT_PRODUCTS_DIR; };
		88ED74EB272FFE6F0088E3EF /* Assets.xcassets */ = {isa = PBXFileReference; lastKnownFileType = folder.assetcatalog; path = Assets.xcassets; sourceTree = "<group>"; };
		88ED74EE272FFE6F0088E3EF /* Preview Assets.xcassets */ = {isa = PBXFileReference; lastKnownFileType = folder.assetcatalog; path = "Preview Assets.xcassets"; sourceTree = "<group>"; };
		88ED74F0272FFE6F0088E3EF /* Info.plist */ = {isa = PBXFileReference; lastKnownFileType = text.plist.xml; path = Info.plist; sourceTree = "<group>"; };
		88ED74F7272FFECA0088E3EF /* Utilities.swift */ = {isa = PBXFileReference; fileEncoding = 4; lastKnownFileType = sourcecode.swift; path = Utilities.swift; sourceTree = "<group>"; };
		88ED74F9272FFECA0088E3EF /* AppConstants.swift */ = {isa = PBXFileReference; fileEncoding = 4; lastKnownFileType = sourcecode.swift; path = AppConstants.swift; sourceTree = "<group>"; };
		88ED74FD272FFECA0088E3EF /* APIManager.swift */ = {isa = PBXFileReference; fileEncoding = 4; lastKnownFileType = sourcecode.swift; path = APIManager.swift; sourceTree = "<group>"; };
		88ED74FF272FFECA0088E3EF /* GraduationprojectApp.swift */ = {isa = PBXFileReference; fileEncoding = 4; lastKnownFileType = sourcecode.swift; path = GraduationprojectApp.swift; sourceTree = "<group>"; };
		A50E2220264642B38FD28842 /* LatoBold.ttf */ = {isa = PBXFileReference; includeInIndex = 1; path = LatoBold.ttf; sourceTree = "<group>"; };
		A919A8AE84F80F3A1DBC0B86 /* ExamSixteenView.swift */ = {isa = PBXFileReference; includeInIndex = 1; lastKnownFileType = sourcecode.swift; path = ExamSixteenView.swift; sourceTree = "<group>"; };
		AB08E9D30D067EBE4E6BBCC8 /* RadioGroupButton.swift */ = {isa = PBXFileReference; includeInIndex = 1; lastKnownFileType = sourcecode.swift; path = RadioGroupButton.swift; sourceTree = "<group>"; };
		AB6C358B17D0852FD9257FD0 /* StringScheme.swift */ = {isa = PBXFileReference; includeInIndex = 1; lastKnownFileType = sourcecode.swift; path = StringScheme.swift; sourceTree = "<group>"; };
		C40AB9F72754D79E006BC5D7 /* AppDelegate.swift */ = {isa = PBXFileReference; fileEncoding = 4; lastKnownFileType = sourcecode.swift; path = AppDelegate.swift; sourceTree = "<group>"; };
		D7EDAC7F3C7D1E2847060D02 /* PoppinsSemiBold.ttf */ = {isa = PBXFileReference; includeInIndex = 1; path = PoppinsSemiBold.ttf; sourceTree = "<group>"; };
		DB03E98F91D45B7E959952C5 /* ExamSeventeenViewModel.swift */ = {isa = PBXFileReference; includeInIndex = 1; lastKnownFileType = sourcecode.swift; path = ExamSeventeenViewModel.swift; sourceTree = "<group>"; };
		DB90EF29BD9BD1CEDBBF01A4 /* PhysicsSubjectEightViewModel.swift */ = {isa = PBXFileReference; includeInIndex = 1; lastKnownFileType = sourcecode.swift; path = PhysicsSubjectEightViewModel.swift; sourceTree = "<group>"; };
		DEBDBAF1C5ABA62272CFA39B /* PhysicsSubjectEightView.swift */ = {isa = PBXFileReference; includeInIndex = 1; lastKnownFileType = sourcecode.swift; path = PhysicsSubjectEightView.swift; sourceTree = "<group>"; };
		E06EBF81BDFD424834113582 /* LatoBoldItalic.ttf */ = {isa = PBXFileReference; includeInIndex = 1; path = LatoBoldItalic.ttf; sourceTree = "<group>"; };
/* End PBXFileReference section */

/* Begin PBXFrameworksBuildPhase section */
		88ED74E1272FFE6E0088E3EF /* Frameworks */ = {
			isa = PBXFrameworksBuildPhase;
			buildActionMask = 2147483647;
			files = (
			);
			runOnlyForDeploymentPostprocessing = 0;
		};
/* End PBXFrameworksBuildPhase section */

/* Begin PBXGroup section */
		14270801D4E46BDC7114D889 /* RadioGroup */ = {
			isa = PBXGroup;
			children = (
				AB08E9D30D067EBE4E6BBCC8 /* RadioGroupButton.swift */,
			);
			name = RadioGroup;
			path = RadioGroup;
			sourceTree = "<group>";
		};
		24B6E7910DCD50D7770E9FA7 /* Views */ = {
			isa = PBXGroup;
			children = (
				451583D755149BDAF4A637F0 /* PhysicsSubjectEightView */,
				702E1F1F4AE625146FBF5E46 /* ExamSeventeenView */,
				8308D567A81BD25C5932523A /* ExamSixteenView */,
			);
			name = Views;
			path = Views;
			sourceTree = "<group>";
		};
		451583D755149BDAF4A637F0 /* PhysicsSubjectEightView */ = {
			isa = PBXGroup;
			children = (
				DEBDBAF1C5ABA62272CFA39B /* PhysicsSubjectEightView.swift */,
				DB90EF29BD9BD1CEDBBF01A4 /* PhysicsSubjectEightViewModel.swift */,
			);
			name = PhysicsSubjectEightView;
			path = PhysicsSubjectEightView;
			sourceTree = "<group>";
		};
		702E1F1F4AE625146FBF5E46 /* ExamSeventeenView */ = {
			isa = PBXGroup;
			children = (
				2F19508D5B411172B80BE66C /* ExamSeventeenView.swift */,
				DB03E98F91D45B7E959952C5 /* ExamSeventeenViewModel.swift */,
			);
			name = ExamSeventeenView;
			path = ExamSeventeenView;
			sourceTree = "<group>";
		};
		7A8916CAB5F9F6C724807F30 /* Resources */ = {
			isa = PBXGroup;
			children = (
				B159F0F5008F0D5CEFFD2B5C /* Fonts */,
			);
			name = Resources;
			path = Resources;
			sourceTree = "<group>";
		};
		7F44DB9E27422A4200171570 /* Helper */ = {
			isa = PBXGroup;
			children = (
				88680D1A2775C5BD002E964F /* Viewport */,
				7F44DB9F27422A4200171570 /* ActivityLoader */,
			);
			path = Helper;
			sourceTree = "<group>";
		};
		7F44DB9F27422A4200171570 /* ActivityLoader */ = {
			isa = PBXGroup;
			children = (
				7F44DBA027422A5D00171570 /* ActivityLoader.swift */,
			);
			path = ActivityLoader;
			sourceTree = "<group>";
		};
		8308D567A81BD25C5932523A /* ExamSixteenView */ = {
			isa = PBXGroup;
			children = (
				A919A8AE84F80F3A1DBC0B86 /* ExamSixteenView.swift */,
				806AD09788A714EBA4291D1C /* ExamSixteenViewModel.swift */,
			);
			name = ExamSixteenView;
			path = ExamSixteenView;
			sourceTree = "<group>";
		};
		84AF229DCD8B3DF0D83969BD /* CustomViews */ = {
			isa = PBXGroup;
			children = (
				14270801D4E46BDC7114D889 /* RadioGroup */,
				9755BB685F9232781A9C0B55 /* Progressbar */,
			);
			name = CustomViews;
			path = CustomViews;
			sourceTree = "<group>";
		};
		88680D1A2775C5BD002E964F /* Viewport */ = {
			isa = PBXGroup;
			children = (
				88680D1B2775C601002E964F /* ViewportHelper.swift */,
			);
			path = Viewport;
			sourceTree = "<group>";
		};
		88ED74DB272FFE6E0088E3EF = {
			isa = PBXGroup;
			children = (
				88ED74E6272FFE6E0088E3EF /* Graduationproject */,
				88ED74E5272FFE6E0088E3EF /* Products */,
			);
			sourceTree = "<group>";
		};
		88ED74E5272FFE6E0088E3EF /* Products */ = {
			isa = PBXGroup;
			children = (
				88ED74E4272FFE6E0088E3EF /* Graduationproject.app */,
			);
			name = Products;
			sourceTree = "<group>";
		};
		88ED74E6272FFE6E0088E3EF /* Graduationproject */ = {
			isa = PBXGroup;
			children = (
				88ED74FC272FFECA0088E3EF /* Services */,
				88ED74FE272FFECA0088E3EF /* Application */,
				88ED74F8272FFECA0088E3EF /* Constants */,
				88ED74FA272FFECA0088E3EF /* Extensions */,
				88ED74F6272FFECA0088E3EF /* Utilities */,
				7F44DB9E27422A4200171570 /* Helper */,
				88ED74EB272FFE6F0088E3EF /* Assets.xcassets */,
				88ED74F0272FFE6F0088E3EF /* Info.plist */,
				88ED74ED272FFE6F0088E3EF /* Preview Content */,
				7A8916CAB5F9F6C724807F30 /* Resources */,
				24B6E7910DCD50D7770E9FA7 /* Views */,
				84AF229DCD8B3DF0D83969BD /* CustomViews */,
			);
			path = Graduationproject;
			sourceTree = "<group>";
		};
		88ED74ED272FFE6F0088E3EF /* Preview Content */ = {
			isa = PBXGroup;
			children = (
				88ED74EE272FFE6F0088E3EF /* Preview Assets.xcassets */,
			);
			path = "Preview Content";
			sourceTree = "<group>";
		};
		88ED74F6272FFECA0088E3EF /* Utilities */ = {
			isa = PBXGroup;
			children = (
				88ED74F7272FFECA0088E3EF /* Utilities.swift */,
			);
			path = Utilities;
			sourceTree = "<group>";
		};
		88ED74F8272FFECA0088E3EF /* Constants */ = {
			isa = PBXGroup;
			children = (
				88ED74F9272FFECA0088E3EF /* AppConstants.swift */,
				AB6C358B17D0852FD9257FD0 /* StringScheme.swift */,
				17946512B63B3194FE864EB4 /* ColorConstants.swift */,
				15B71A57A17005770E915881 /* FontScheme.swift */,
			);
			path = Constants;
			sourceTree = "<group>";
		};
		88ED74FA272FFECA0088E3EF /* Extensions */ = {
			isa = PBXGroup;
			children = (
				888CB47427686A000041116C /* APIExtensions.swift */,
				8853052527718DC500B04E6F /* ViewExtension.swift */,
				8853052B2771949600B04E6F /* UINavigationController.swift */,
				8853052927718E2D00B04E6F /* EncodableExtension.swift */,
				884F3E5027B0E65A00963FC4 /* RoundedCornersView.swift */,
			);
			path = Extensions;
			sourceTree = "<group>";
		};
		88ED74FC272FFECA0088E3EF /* Services */ = {
			isa = PBXGroup;
			children = (
				88ED74FD272FFECA0088E3EF /* APIManager.swift */,
			);
			path = Services;
			sourceTree = "<group>";
		};
		88ED74FE272FFECA0088E3EF /* Application */ = {
			isa = PBXGroup;
			children = (
				C40AB9F72754D79E006BC5D7 /* AppDelegate.swift */,
				88ED74FF272FFECA0088E3EF /* GraduationprojectApp.swift */,
			);
			path = Application;
			sourceTree = "<group>";
		};
		9755BB685F9232781A9C0B55 /* Progressbar */ = {
			isa = PBXGroup;
			children = (
				46BF02E09FF62787E2320896 /* LinearProgress.swift */,
				37F769BDE82BCF93E860F07A /* CircularProgress.swift */,
			);
			name = Progressbar;
			path = Progressbar;
			sourceTree = "<group>";
		};
		B159F0F5008F0D5CEFFD2B5C /* Fonts */ = {
			isa = PBXGroup;
			children = (
				A50E2220264642B38FD28842 /* LatoBold.ttf */,
				E06EBF81BDFD424834113582 /* LatoBoldItalic.ttf */,
				71961D9AFF28F45C670F4663 /* PoppinsRegular.ttf */,
				D7EDAC7F3C7D1E2847060D02 /* PoppinsSemiBold.ttf */,
				4E53A3D0C6A054E4DB888474 /* LatoBlackItalic.ttf */,
				43E0D766E4983C45311D2DA9 /* PoppinsMedium.ttf */,
			);
			name = Fonts;
			path = Fonts;
			sourceTree = "<group>";
		};
/* End PBXGroup section */

/* Begin PBXNativeTarget section */
		88ED74E3272FFE6E0088E3EF /* Graduationproject */ = {
			isa = PBXNativeTarget;
			buildConfigurationList = 88ED74F3272FFE6F0088E3EF /* Build configuration list for PBXNativeTarget "Graduationproject" */;
			buildPhases = (
				88ED74E0272FFE6E0088E3EF /* Sources */,
				88ED74E1272FFE6E0088E3EF /* Frameworks */,
				88ED74E2272FFE6E0088E3EF /* Resources */,
			);
			buildRules = (
			);
			dependencies = (
			);
			name = Graduationproject;
			productName = Graduationproject;
			productReference = 88ED74E4272FFE6E0088E3EF /* Graduationproject.app */;
			productType = "com.apple.product-type.application";
		};
/* End PBXNativeTarget section */

/* Begin PBXProject section */
		88ED74DC272FFE6E0088E3EF /* Project object */ = {
			isa = PBXProject;
			attributes = {
				LastSwiftUpdateCheck = 1250;
				LastUpgradeCheck = 1250;
				TargetAttributes = {
					88ED74E3272FFE6E0088E3EF = {
						CreatedOnToolsVersion = 12.5;
					};
				};
			};
			buildConfigurationList = 88ED74DF272FFE6E0088E3EF /* Build configuration list for PBXProject "Graduationproject" */;
			compatibilityVersion = "Xcode 9.3";
			developmentRegion = en;
			hasScannedForEncodings = 0;
			knownRegions = (
				en,
				Base,
			);
			mainGroup = 88ED74DB272FFE6E0088E3EF;
			productRefGroup = 88ED74E5272FFE6E0088E3EF /* Products */;
			projectDirPath = "";
			projectRoot = "";
			targets = (
				88ED74E3272FFE6E0088E3EF /* Graduationproject */,
			);
		};
/* End PBXProject section */

/* Begin PBXResourcesBuildPhase section */
		88ED74E2272FFE6E0088E3EF /* Resources */ = {
			isa = PBXResourcesBuildPhase;
			buildActionMask = 2147483647;
			files = (
				88ED74EF272FFE6F0088E3EF /* Preview Assets.xcassets in Resources */,
				88ED74EC272FFE6F0088E3EF /* Assets.xcassets in Resources */,
				2B6D4E1ACDE4DE322A40C90E /* LatoBold.ttf in Resources */,
				5298EF3CA475689D562D879C /* LatoBoldItalic.ttf in Resources */,
				B05BF85D97D353EF76567C16 /* PoppinsRegular.ttf in Resources */,
				43824AB387E5433AF5685D51 /* PoppinsSemiBold.ttf in Resources */,
				DF217EF4E481C2BF9AEA08DE /* LatoBlackItalic.ttf in Resources */,
				EF44FE74EAC494E316165B9E /* PoppinsMedium.ttf in Resources */,
			);
			runOnlyForDeploymentPostprocessing = 0;
		};
/* End PBXResourcesBuildPhase section */

/* Begin PBXSourcesBuildPhase section */
		88ED74E0272FFE6E0088E3EF /* Sources */ = {
			isa = PBXSourcesBuildPhase;
			buildActionMask = 2147483647;
			files = (
				888CB47527686A000041116C /* APIExtensions.swift in Sources */,
				8853052A27718E2D00B04E6F /* EncodableExtension.swift in Sources */,
				8853052C2771949600B04E6F /* UINavigationController.swift in Sources */,
				88ED7503272FFECA0088E3EF /* APIManager.swift in Sources */,
				7F44DBA127422A5D00171570 /* ActivityLoader.swift in Sources */,
				8853052627718DC500B04E6F /* ViewExtension.swift in Sources */,
				88ED7500272FFECA0088E3EF /* Utilities.swift in Sources */,
				88ED7504272FFECA0088E3EF /* GraduationprojectApp.swift in Sources */,
				C40AB9F82754D79E006BC5D7 /* AppDelegate.swift in Sources */,
				88680D1C2775C601002E964F /* ViewportHelper.swift in Sources */,
				88ED7501272FFECA0088E3EF /* AppConstants.swift in Sources */,
				884F3E5127B0E65A00963FC4 /* RoundedCornersView.swift in Sources */,
				B0B7D9262BE405BD0A15EC5E /* StringScheme.swift in Sources */,
				1BAF1D2E7D0AB6D1FA04E0CB /* ColorConstants.swift in Sources */,
				BA9F99D8B6F373F30606E436 /* FontScheme.swift in Sources */,
				6AC0A87D1A6C9154D16B239D /* PhysicsSubjectEightView.swift in Sources */,
				98308F69930185095195B862 /* ExamSeventeenView.swift in Sources */,
				E1CEC322AC94CE8B7FD3B0AC /* ExamSixteenView.swift in Sources */,
				D3EAFFFCF0D682BAB4A46CA8 /* RadioGroupButton.swift in Sources */,
				72A1174123BED714ECACE27F /* LinearProgress.swift in Sources */,
				42FEF64ADD033E9363B802AE /* CircularProgress.swift in Sources */,
				B7A7800F983258DF17780DFC /* PhysicsSubjectEightViewModel.swift in Sources */,
				26160482D0C13F310700B5DF /* ExamSixteenViewModel.swift in Sources */,
				F7786757BACF2AC5153A766D /* ExamSeventeenViewModel.swift in Sources */,
			);
			runOnlyForDeploymentPostprocessing = 0;
		};
/* End PBXSourcesBuildPhase section */

/* Begin XCBuildConfiguration section */
		88ED74F1272FFE6F0088E3EF /* Debug */ = {
			isa = XCBuildConfiguration;
			buildSettings = {
				ALWAYS_SEARCH_USER_PATHS = NO;
				CLANG_ANALYZER_NONNULL = YES;
				CLANG_ANALYZER_NUMBER_OBJECT_CONVERSION = YES_AGGRESSIVE;
				CLANG_CXX_LANGUAGE_STANDARD = "gnu++14";
				CLANG_CXX_LIBRARY = "libc++";
				CLANG_ENABLE_MODULES = YES;
				CLANG_ENABLE_OBJC_ARC = YES;
				CLANG_ENABLE_OBJC_WEAK = YES;
				CLANG_WARN_BLOCK_CAPTURE_AUTORELEASING = YES;
				CLANG_WARN_BOOL_CONVERSION = YES;
				CLANG_WARN_COMMA = YES;
				CLANG_WARN_CONSTANT_CONVERSION = YES;
				CLANG_WARN_DEPRECATED_OBJC_IMPLEMENTATIONS = YES;
				CLANG_WARN_DIRECT_OBJC_ISA_USAGE = YES_ERROR;
				CLANG_WARN_DOCUMENTATION_COMMENTS = YES;
				CLANG_WARN_EMPTY_BODY = YES;
				CLANG_WARN_ENUM_CONVERSION = YES;
				CLANG_WARN_INFINITE_RECURSION = YES;
				CLANG_WARN_INT_CONVERSION = YES;
				CLANG_WARN_NON_LITERAL_NULL_CONVERSION = YES;
				CLANG_WARN_OBJC_IMPLICIT_RETAIN_SELF = YES;
				CLANG_WARN_OBJC_LITERAL_CONVERSION = YES;
				CLANG_WARN_OBJC_ROOT_CLASS = YES_ERROR;
				CLANG_WARN_QUOTED_INCLUDE_IN_FRAMEWORK_HEADER = YES;
				CLANG_WARN_RANGE_LOOP_ANALYSIS = YES;
				CLANG_WARN_STRICT_PROTOTYPES = YES;
				CLANG_WARN_SUSPICIOUS_MOVE = YES;
				CLANG_WARN_UNGUARDED_AVAILABILITY = YES_AGGRESSIVE;
				CLANG_WARN_UNREACHABLE_CODE = YES;
				CLANG_WARN__DUPLICATE_METHOD_MATCH = YES;
				COPY_PHASE_STRIP = NO;
				DEBUG_INFORMATION_FORMAT = dwarf;
				ENABLE_STRICT_OBJC_MSGSEND = YES;
				ENABLE_TESTABILITY = YES;
				GCC_C_LANGUAGE_STANDARD = gnu11;
				GCC_DYNAMIC_NO_PIC = NO;
				GCC_NO_COMMON_BLOCKS = YES;
				GCC_OPTIMIZATION_LEVEL = 0;
				GCC_PREPROCESSOR_DEFINITIONS = (
					"DEBUG=1",
					"$(inherited)",
				);
				GCC_WARN_64_TO_32_BIT_CONVERSION = YES;
				GCC_WARN_ABOUT_RETURN_TYPE = YES_ERROR;
				GCC_WARN_UNDECLARED_SELECTOR = YES;
				GCC_WARN_UNINITIALIZED_AUTOS = YES_AGGRESSIVE;
				GCC_WARN_UNUSED_FUNCTION = YES;
				GCC_WARN_UNUSED_VARIABLE = YES;
				IPHONEOS_DEPLOYMENT_TARGET = 14.5;
				MTL_ENABLE_DEBUG_INFO = INCLUDE_SOURCE;
				MTL_FAST_MATH = YES;
				ONLY_ACTIVE_ARCH = YES;
				SDKROOT = iphoneos;
				SWIFT_ACTIVE_COMPILATION_CONDITIONS = DEBUG;
				SWIFT_OPTIMIZATION_LEVEL = "-Onone";
			};
			name = Debug;
		};
		88ED74F2272FFE6F0088E3EF /* Release */ = {
			isa = XCBuildConfiguration;
			buildSettings = {
				ALWAYS_SEARCH_USER_PATHS = NO;
				CLANG_ANALYZER_NONNULL = YES;
				CLANG_ANALYZER_NUMBER_OBJECT_CONVERSION = YES_AGGRESSIVE;
				CLANG_CXX_LANGUAGE_STANDARD = "gnu++14";
				CLANG_CXX_LIBRARY = "libc++";
				CLANG_ENABLE_MODULES = YES;
				CLANG_ENABLE_OBJC_ARC = YES;
				CLANG_ENABLE_OBJC_WEAK = YES;
				CLANG_WARN_BLOCK_CAPTURE_AUTORELEASING = YES;
				CLANG_WARN_BOOL_CONVERSION = YES;
				CLANG_WARN_COMMA = YES;
				CLANG_WARN_CONSTANT_CONVERSION = YES;
				CLANG_WARN_DEPRECATED_OBJC_IMPLEMENTATIONS = YES;
				CLANG_WARN_DIRECT_OBJC_ISA_USAGE = YES_ERROR;
				CLANG_WARN_DOCUMENTATION_COMMENTS = YES;
				CLANG_WARN_EMPTY_BODY = YES;
				CLANG_WARN_ENUM_CONVERSION = YES;
				CLANG_WARN_INFINITE_RECURSION = YES;
				CLANG_WARN_INT_CONVERSION = YES;
				CLANG_WARN_NON_LITERAL_NULL_CONVERSION = YES;
				CLANG_WARN_OBJC_IMPLICIT_RETAIN_SELF = YES;
				CLANG_WARN_OBJC_LITERAL_CONVERSION = YES;
				CLANG_WARN_OBJC_ROOT_CLASS = YES_ERROR;
				CLANG_WARN_QUOTED_INCLUDE_IN_FRAMEWORK_HEADER = YES;
				CLANG_WARN_RANGE_LOOP_ANALYSIS = YES;
				CLANG_WARN_STRICT_PROTOTYPES = YES;
				CLANG_WARN_SUSPICIOUS_MOVE = YES;
				CLANG_WARN_UNGUARDED_AVAILABILITY = YES_AGGRESSIVE;
				CLANG_WARN_UNREACHABLE_CODE = YES;
				CLANG_WARN__DUPLICATE_METHOD_MATCH = YES;
				COPY_PHASE_STRIP = NO;
				DEBUG_INFORMATION_FORMAT = "dwarf-with-dsym";
				ENABLE_NS_ASSERTIONS = NO;
				ENABLE_STRICT_OBJC_MSGSEND = YES;
				GCC_C_LANGUAGE_STANDARD = gnu11;
				GCC_NO_COMMON_BLOCKS = YES;
				GCC_WARN_64_TO_32_BIT_CONVERSION = YES;
				GCC_WARN_ABOUT_RETURN_TYPE = YES_ERROR;
				GCC_WARN_UNDECLARED_SELECTOR = YES;
				GCC_WARN_UNINITIALIZED_AUTOS = YES_AGGRESSIVE;
				GCC_WARN_UNUSED_FUNCTION = YES;
				GCC_WARN_UNUSED_VARIABLE = YES;
				IPHONEOS_DEPLOYMENT_TARGET = 14.5;
				MTL_ENABLE_DEBUG_INFO = NO;
				MTL_FAST_MATH = YES;
				SDKROOT = iphoneos;
				SWIFT_COMPILATION_MODE = wholemodule;
				SWIFT_OPTIMIZATION_LEVEL = "-O";
				VALIDATE_PRODUCT = YES;
			};
			name = Release;
		};
		88ED74F4272FFE6F0088E3EF /* Debug */ = {
			isa = XCBuildConfiguration;
			buildSettings = {
				ASSETCATALOG_COMPILER_APPICON_NAME = AppIcon;
				ASSETCATALOG_COMPILER_GLOBAL_ACCENT_COLOR_NAME = AccentColor;
				CODE_SIGN_STYLE = Automatic;
				DEVELOPMENT_ASSET_PATHS = "\"Graduationproject/Preview Content\"";
				DEVELOPMENT_TEAM = "";
				ENABLE_PREVIEWS = YES;
				INFOPLIST_FILE = Graduationproject/Info.plist;
				IPHONEOS_DEPLOYMENT_TARGET = 14.0;
				LD_RUNPATH_SEARCH_PATHS = (
					"$(inherited)",
					"@executable_path/Frameworks",
				);
				PRODUCT_BUNDLE_IDENTIFIER = com.graduationproject.app;
				PRODUCT_NAME = "$(TARGET_NAME)";
				SWIFT_VERSION = 5.0;
				TARGETED_DEVICE_FAMILY = "1,2";
			};
			name = Debug;
		};
		88ED74F5272FFE6F0088E3EF /* Release */ = {
			isa = XCBuildConfiguration;
			buildSettings = {
				ASSETCATALOG_COMPILER_APPICON_NAME = AppIcon;
				ASSETCATALOG_COMPILER_GLOBAL_ACCENT_COLOR_NAME = AccentColor;
				CODE_SIGN_STYLE = Automatic;
				DEVELOPMENT_ASSET_PATHS = "\"Graduationproject/Preview Content\"";
				DEVELOPMENT_TEAM = "";
				ENABLE_PREVIEWS = YES;
				INFOPLIST_FILE = Graduationproject/Info.plist;
				IPHONEOS_DEPLOYMENT_TARGET = 14.0;
				LD_RUNPATH_SEARCH_PATHS = (
					"$(inherited)",
					"@executable_path/Frameworks",
				);
				PRODUCT_BUNDLE_IDENTIFIER = com.graduationproject.app;
				PRODUCT_NAME = "$(TARGET_NAME)";
				SWIFT_VERSION = 5.0;
				TARGETED_DEVICE_FAMILY = "1,2";
			};
			name = Release;
		};
/* End XCBuildConfiguration section */

/* Begin XCConfigurationList section */
		88ED74DF272FFE6E0088E3EF /* Build configuration list for PBXProject "Graduationproject" */ = {
			isa = XCConfigurationList;
			buildConfigurations = (
				88ED74F1272FFE6F0088E3EF /* Debug */,
				88ED74F2272FFE6F0088E3EF /* Release */,
			);
			defaultConfigurationIsVisible = 0;
			defaultConfigurationName = Release;
		};
		88ED74F3272FFE6F0088E3EF /* Build configuration list for PBXNativeTarget "Graduationproject" */ = {
			isa = XCConfigurationList;
			buildConfigurations = (
				88ED74F4272FFE6F0088E3EF /* Debug */,
				88ED74F5272FFE6F0088E3EF /* Release */,
			);
			defaultConfigurationIsVisible = 0;
			defaultConfigurationName = Release;
		};
/* End XCConfigurationList section */
	};
	rootObject = 88ED74DC272FFE6E0088E3EF /* Project object */;
}
